<?xml version="1.0" encoding="utf-8"?>
<Project ToolsVersion="4.0" xmlns="http://schemas.microsoft.com/developer/msbuild/2003">
  <ItemGroup>
    <Filter Include="Source Files">
      <UniqueIdentifier>{4FC737F1-C7A5-4376-A066-2A32D752A2FF}</UniqueIdentifier>
      <Extensions>cpp;c;cc;cxx;def;odl;idl;hpj;bat;asm;asmx</Extensions>
    </Filter>
    <Filter Include="Header Files">
      <UniqueIdentifier>{93995380-89BD-4b04-88EB-625FBE52EBFB}</UniqueIdentifier>
      <Extensions>h;hh;hpp;hxx;hm;inl;inc;xsd</Extensions>
    </Filter>
    <Filter Include="Resource Files">
      <UniqueIdentifier>{67DA6AB6-F800-4c08-8B7A-83BB121AAD01}</UniqueIdentifier>
      <Extensions>rc;ico;cur;bmp;dlg;rc2;rct;bin;rgs;gif;jpg;jpeg;jpe;resx;tiff;tif;png;wav;mfcribbon-ms</Extensions>
    </Filter>
    <Filter Include="Header Files\Memory">
      <UniqueIdentifier>{00445736-9046-4d92-a2c6-7cb7e279848d}</UniqueIdentifier>
    </Filter>
    <Filter Include="Source Files\Memory">
      <UniqueIdentifier>{97cd44bc-c407-4aff-806f-59eb553b8bcd}</UniqueIdentifier>
    </Filter>
    <Filter Include="Source Files\Memory\Allocators">
      <UniqueIdentifier>{7a47bcaf-13f5-4f95-bdea-6e8f96c7ca65}</UniqueIdentifier>
    </Filter>
    <Filter Include="Header Files\Memory\Allocators">
      <UniqueIdentifier>{a6452cde-ae54-434c-b66a-52e4f340907c}</UniqueIdentifier>
    </Filter>
  </ItemGroup>
  <ItemGroup>
    <ClCompile Include="main.cpp">
      <Filter>Source Files</Filter>
    </ClCompile>
    <ClCompile Include="LinearBuffer.cpp">
      <Filter>Source Files\Memory\Allocators</Filter>
    </ClCompile>
    <ClCompile Include="StackBuffer.cpp">
      <Filter>Source Files\Memory\Allocators</Filter>
    </ClCompile>
    <ClCompile Include="alignment.cpp">
      <Filter>Source Files\Memory</Filter>
    </ClCompile>
    <ClCompile Include="DoubleStack.cpp">
      <Filter>Source Files\Memory\Allocators</Filter>
    </ClCompile>
    <ClCompile Include="PoolBuffer.cpp">
      <Filter>Source Files\Memory\Allocators</Filter>
    </ClCompile>
  </ItemGroup>
  <ItemGroup>
    <ClInclude Include="LinearBuffer.h">
      <Filter>Header Files\Memory\Allocators</Filter>
    </ClInclude>
    <ClInclude Include="StackBuffer.h">
      <Filter>Header Files\Memory\Allocators</Filter>
    </ClInclude>
    <ClInclude Include="alignment.h">
      <Filter>Header Files\Memory</Filter>
    </ClInclude>
    <ClInclude Include="DoubleStack.h">
      <Filter>Header Files\Memory\Allocators</Filter>
    </ClInclude>
    <ClInclude Include="PoolBuffer.h">
      <Filter>Header Files\Memory\Allocators</Filter>
    </ClInclude>
  </ItemGroup>
</Project>